<?xml version="1.0" encoding="utf-8"?>
<Project ToolsVersion="4.0" xmlns="http://schemas.microsoft.com/developer/msbuild/2003">
  <ItemGroup>
    <ClCompile Include="example-xml.cpp" />
    <ClCompile Include="thirdparty\pugixml\src\pugixml.cpp" />
  </ItemGroup>
  <ItemGroup>
    <Filter Include="stags">
      <UniqueIdentifier>{d7bf8b9f-5618-4e54-b6f4-a0c0a896afa9}</UniqueIdentifier>
    </Filter>
  </ItemGroup>
  <ItemGroup>
    <ClInclude Include="..\stags\stags_xml.hpp">
      <Filter>stags</Filter>
    </ClInclude>
    <ClInclude Include="..\stags\stags.hpp">
      <Filter>stags</Filter>
    </ClInclude>
  </ItemGroup>
</Project>